
Microsoft Visual Studio Solution File, Format Version 12.00
# Visual Studio Version 16
VisualStudioVersion = 16.0.30523.141
MinimumVisualStudioVersion = 10.0.40219.1
Project("{FAE04EC0-301F-11D3-BF4B-00C04F79EFBC}") = "primeiro", "primeiro\primeiro.csproj", "{DFE6223A-217F-4AC5-B303-5B7ADE2FE007}"
EndProject
Global
	GlobalSection(SolutionConfigurationPlatforms) = preSolution
		Debug|Any CPU = Debug|Any CPU
		Release|Any CPU = Release|Any CPU
	EndGlobalSection
	GlobalSection(ProjectConfigurationPlatforms) = postSolution
		{DFE6223A-217F-4AC5-B303-5B7ADE2FE007}.Debug|Any CPU.ActiveCfg = Debug|Any CPU
		{DFE6223A-217F-4AC5-B303-5B7ADE2FE007}.Debug|Any CPU.Build.0 = Debug|Any CPU
		{DFE6223A-217F-4AC5-B303-5B7ADE2FE007}.Release|Any CPU.ActiveCfg = Release|Any CPU
		{DFE6223A-217F-4AC5-B303-5B7ADE2FE007}.Release|Any CPU.Build.0 = Release|Any CPU
	EndGlobalSection
	GlobalSection(SolutionProperties) = preSolution
		HideSolutionNode = FALSE
	EndGlobalSection
	GlobalSection(ExtensibilityGlobals) = postSolution
		SolutionGuid = {A79FE61C-75BD-434C-9972-177A8D053AF6}
	EndGlobalSection
EndGlobal
